
Microsoft Visual Studio Solution File, Format Version 12.00
# Visual Studio 2013
VisualStudioVersion = 12.0.21005.1
MinimumVisualStudioVersion = 10.0.40219.1
Project("{E24C65DC-7377-472B-9ABA-BC803B73C61A}") = "WebSite3(1)", "http://localhost:3636", "{62983BCB-0DBD-4983-AC75-F148044B94F6}"
	ProjectSection(WebsiteProperties) = preProject
		UseIISExpress = "true"
		TargetFrameworkMoniker = ".NETFramework,Version%3Dv2.0"
		Debug.AspNetCompiler.VirtualPath = "/localhost_3636"
		Debug.AspNetCompiler.PhysicalPath = "AspNetDataBinding\WebSite3\"
		Debug.AspNetCompiler.TargetPath = "PrecompiledWeb\localhost_3636\"
		Debug.AspNetCompiler.Updateable = "true"
		Debug.AspNetCompiler.ForceOverwrite = "true"
		Debug.AspNetCompiler.FixedNames = "false"
		Debug.AspNetCompiler.Debug = "True"
		Release.AspNetCompiler.VirtualPath = "/localhost_3636"
		Release.AspNetCompiler.PhysicalPath = "AspNetDataBinding\WebSite3\"
		Release.AspNetCompiler.TargetPath = "PrecompiledWeb\localhost_3636\"
		Release.AspNetCompiler.Updateable = "true"
		Release.AspNetCompiler.ForceOverwrite = "true"
		Release.AspNetCompiler.FixedNames = "false"
		Release.AspNetCompiler.Debug = "False"
		SlnRelativePath = "AspNetDataBinding\WebSite3\"
	EndProjectSection
EndProject
Global
	GlobalSection(SolutionConfigurationPlatforms) = preSolution
		Debug|Any CPU = Debug|Any CPU
		Release|Any CPU = Release|Any CPU
	EndGlobalSection
	GlobalSection(ProjectConfigurationPlatforms) = postSolution
		{62983BCB-0DBD-4983-AC75-F148044B94F6}.Debug|Any CPU.ActiveCfg = Debug|Any CPU
		{62983BCB-0DBD-4983-AC75-F148044B94F6}.Debug|Any CPU.Build.0 = Debug|Any CPU
		{62983BCB-0DBD-4983-AC75-F148044B94F6}.Release|Any CPU.ActiveCfg = Debug|Any CPU
		{62983BCB-0DBD-4983-AC75-F148044B94F6}.Release|Any CPU.Build.0 = Debug|Any CPU
	EndGlobalSection
	GlobalSection(SolutionProperties) = preSolution
		HideSolutionNode = FALSE
	EndGlobalSection
EndGlobal
